{
  "name": "mediamarkt-klima-notifier",
  "version": "1.0.0",
  "lockfileVersion": 3,
  "requires": true,
  "packages": {
    "": {
      "name": "mediamarkt-klima-notifier",
      "version": "1.0.0",
      "dependencies": {
        "impit": "^0.13.1"
      },
      "engines": {
        "node": ">=18"
      }
    },
    "node_modules/impit": {
      "version": "0.13.1",
      "resolved": "https://registry.npmjs.org/impit/-/impit-0.13.1.tgz",
      "integrity": "sha512-nlqkHwotE4OCngPhkgLKPc+CiUSVbpFVfdDr/jWISalB9Mzf9Frw18pJ98rr73G94tEPnkL8Chx9skR11ogguw==",
      "hasInstallScript": true,
      "license": "Apache-2.0",
      "engines": {
        "node": ">= 20"
      },
      "optionalDependencies": {
        "impit-darwin-arm64": "0.13.1",
        "impit-darwin-x64": "0.13.1",
        "impit-linux-arm64-gnu": "0.13.1",
        "impit-linux-arm64-musl": "0.13.1",
        "impit-linux-x64-gnu": "0.13.1",
        "impit-linux-x64-musl": "0.13.1",
        "impit-win32-arm64-msvc": "0.13.1",
        "impit-win32-x64-msvc": "0.13.1"
      }
    },
    "node_modules/impit-darwin-arm64": {
      "version": "0.13.1",
      "resolved": "https://registry.npmjs.org/impit-darwin-arm64/-/impit-darwin-arm64-0.13.1.tgz",
      "integrity": "sha512-ZjIbzorKMe5uwEfryFE5GUNpFXlJPlTslLvO67f8rmt48nWu1JDJdSdnEhvselEgyD6Y1tXwYWFFATMWeOX6zQ==",
      "cpu": [
        "arm64"
      ],
      "license": "Apache-2.0",
      "optional": true,
      "os": [
        "darwin"
      ],
      "engines": {
        "node": ">= 10"
      }
    },
    "node_modules/impit-darwin-x64": {
      "version": "0.13.1",
      "resolved": "https://registry.npmjs.org/impit-darwin-x64/-/impit-darwin-x64-0.13.1.tgz",
      "integrity": "sha512-2NY+2nH+qcU4sSGbb4J9MS5CS3lDZYiVRrQXC+1uXAG6cGQuMSsfbf/VVxhMlW8F2bk7vdpKaaUJRQOJT8gyFQ==",
      "cpu": [
        "x64"
      ],
      "license": "Apache-2.0",
      "optional": true,
      "os": [
        "darwin"
      ],
      "engines": {
        "node": ">= 10"
      }
    },
    "node_modules/impit-linux-arm64-gnu": {
      "version": "0.13.1",
      "resolved": "https://registry.npmjs.org/impit-linux-arm64-gnu/-/impit-linux-arm64-gnu-0.13.1.tgz",
      "integrity": "sha512-druR0r2yu9pi26ErMdIE95pnJ+6GO0DKdHfifzr1acE+xKAHYMin4nW65bXLpIVLSLZSBMz+L7lP4vEZ1msC5Q==",
      "cpu": [
        "arm64"
      ],
      "license": "Apache-2.0",
      "optional": true,
      "os": [
        "linux"
      ],
      "engines": {
        "node": ">= 10"
      }
    },
    "node_modules/impit-linux-arm64-musl": {
      "version": "0.13.1",
      "resolved": "https://registry.npmjs.org/impit-linux-arm64-musl/-/impit-linux-arm64-musl-0.13.1.tgz",
      "integrity": "sha512-k1YA4szvgTvNnNPrqcqPCRzx7OxCal/jrAnUl06VBI3bsGvLklib1maIRp6lDSbge12k7h0DKVQmtyihPt2GDg==",
      "cpu": [
        "arm64"
      ],
      "license": "Apache-2.0",
      "optional": true,
      "os": [
        "linux"
      ],
      "engines": {
        "node": ">= 10"
      }
    },
    "node_modules/impit-linux-x64-gnu": {
      "version": "0.13.1",
      "resolved": "https://registry.npmjs.org/impit-linux-x64-gnu/-/impit-linux-x64-gnu-0.13.1.tgz",
      "integrity": "sha512-DUy/dZxDd5L9XQVL0pUrILQLtj4eMfExnpdZyQE2qSIe1pmqTndUyJW4UmjRfBkxBHY/sbQGcs0KYRbOWYsIrQ==",
      "cpu": [
        "x64"
      ],
      "license": "Apache-2.0",
      "optional": true,
      "os": [
        "linux"
      ],
      "engines": {
        "node": ">= 10"
      }
    },
    "node_modules/impit-linux-x64-musl": {
      "version": "0.13.1",
      "resolved": "https://registry.npmjs.org/impit-linux-x64-musl/-/impit-linux-x64-musl-0.13.1.tgz",
      "integrity": "sha512-qoCFYpH1HzPgt5LyPKGxdexwlhuf85/CWYZ35UNjE5TILT8qHW7szHt7CZ2EzDIRS0jkOxL4iZS7AxhFtv7c3g==",
      "cpu": [
        "x64"
      ],
      "license": "Apache-2.0",
      "optional": true,
      "os": [
        "linux"
      ],
      "engines": {
        "node": ">= 10"
      }
    },
    "node_modules/impit-win32-arm64-msvc": {
      "version": "0.13.1",
      "resolved": "https://registry.npmjs.org/impit-win32-arm64-msvc/-/impit-win32-arm64-msvc-0.13.1.tgz",
      "integrity": "sha512-w0Y4Rssf9KOAyqtExtFD+He7aG1KPYRw4U0VktZyguDtZHCETbl/ODuddvh3GP4aToRZTpkBuMsDKSogggQbMA==",
      "cpu": [
        "arm64"
      ],
      "license": "Apache-2.0",
      "optional": true,
      "os": [
        "win32"
      ],
      "engines": {
        "node": ">= 10"
      }
    },
    "node_modules/impit-win32-x64-msvc": {
      "version": "0.13.1",
      "resolved": "https://registry.npmjs.org/impit-win32-x64-msvc/-/impit-win32-x64-msvc-0.13.1.tgz",
      "integrity": "sha512-MAfYan7e+OK0JI70aHc2Qz92O4EaMXAsI1awQcwN0hGIFgbhf8z3q/XIbyy6h67aV1+L8DZYoITxvHoba1CEhg==",
      "cpu": [
        "x64"
      ],
      "license": "Apache-2.0",
      "optional": true,
      "os": [
        "win32"
      ],
      "engines": {
        "node": ">= 10"
      }
    }
  }
}
